
Microsoft Visual Studio Solution File, Format Version 12.00
# Visual Studio 14
VisualStudioVersion = 14.0.25420.1
MinimumVisualStudioVersion = 10.0.40219.1
Project("{FAE04EC0-301F-11D3-BF4B-00C04F79EFBC}") = "鸡的数量", "鸡的数量\鸡的数量.csproj", "{DE27B1C5-11EB-4A7B-AE8A-1462D47F6FED}"
EndProject
Global
	GlobalSection(SolutionConfigurationPlatforms) = preSolution
		Debug|Any CPU = Debug|Any CPU
		Release|Any CPU = Release|Any CPU
	EndGlobalSection
	GlobalSection(ProjectConfigurationPlatforms) = postSolution
		{DE27B1C5-11EB-4A7B-AE8A-1462D47F6FED}.Debug|Any CPU.ActiveCfg = Debug|Any CPU
		{DE27B1C5-11EB-4A7B-AE8A-1462D47F6FED}.Debug|Any CPU.Build.0 = Debug|Any CPU
		{DE27B1C5-11EB-4A7B-AE8A-1462D47F6FED}.Release|Any CPU.ActiveCfg = Release|Any CPU
		{DE27B1C5-11EB-4A7B-AE8A-1462D47F6FED}.Release|Any CPU.Build.0 = Release|Any CPU
	EndGlobalSection
	GlobalSection(SolutionProperties) = preSolution
		HideSolutionNode = FALSE
	EndGlobalSection
EndGlobal
